
Microsoft Visual Studio Solution File, Format Version 12.00
# Visual Studio Version 16
VisualStudioVersion = 16.0.29905.134
MinimumVisualStudioVersion = 10.0.40219.1
Project("{FAE04EC0-301F-11D3-BF4B-00C04F79EFBC}") = "TEKNİKSERVİS", "TEKNİKSERVİS\TEKNİKSERVİS.csproj", "{C9E29A3C-CEFE-423C-A8FB-C74D17B2A451}"
EndProject
Global
	GlobalSection(SolutionConfigurationPlatforms) = preSolution
		Debug|Any CPU = Debug|Any CPU
		Release|Any CPU = Release|Any CPU
	EndGlobalSection
	GlobalSection(ProjectConfigurationPlatforms) = postSolution
		{C9E29A3C-CEFE-423C-A8FB-C74D17B2A451}.Debug|Any CPU.ActiveCfg = Debug|Any CPU
		{C9E29A3C-CEFE-423C-A8FB-C74D17B2A451}.Debug|Any CPU.Build.0 = Debug|Any CPU
		{C9E29A3C-CEFE-423C-A8FB-C74D17B2A451}.Release|Any CPU.ActiveCfg = Release|Any CPU
		{C9E29A3C-CEFE-423C-A8FB-C74D17B2A451}.Release|Any CPU.Build.0 = Release|Any CPU
	EndGlobalSection
	GlobalSection(SolutionProperties) = preSolution
		HideSolutionNode = FALSE
	EndGlobalSection
	GlobalSection(ExtensibilityGlobals) = postSolution
		SolutionGuid = {1ED7D8D8-26E3-49DD-9154-A59984C1B5DA}
	EndGlobalSection
EndGlobal
